
Microsoft Visual Studio Solution File, Format Version 11.00
# Visual Studio 2010
Project("{8BC9CEB8-8B4A-11D0-8D11-00A0C91BC942}") = "HW2_part1_Histogram Matching", "HW2_part1_Histogram Matching\HW2_part1_Histogram Matching.vcxproj", "{8B1DE049-F124-4DE1-B943-162E01E0FFF0}"
EndProject
Global
	GlobalSection(SolutionConfigurationPlatforms) = preSolution
		Debug|Win32 = Debug|Win32
		Release|Win32 = Release|Win32
	EndGlobalSection
	GlobalSection(ProjectConfigurationPlatforms) = postSolution
		{8B1DE049-F124-4DE1-B943-162E01E0FFF0}.Debug|Win32.ActiveCfg = Debug|Win32
		{8B1DE049-F124-4DE1-B943-162E01E0FFF0}.Debug|Win32.Build.0 = Debug|Win32
		{8B1DE049-F124-4DE1-B943-162E01E0FFF0}.Release|Win32.ActiveCfg = Release|Win32
		{8B1DE049-F124-4DE1-B943-162E01E0FFF0}.Release|Win32.Build.0 = Release|Win32
	EndGlobalSection
	GlobalSection(SolutionProperties) = preSolution
		HideSolutionNode = FALSE
	EndGlobalSection
EndGlobal
