
Microsoft Visual Studio Solution File, Format Version 11.00
# Visual Studio 2010
Project("{8BC9CEB8-8B4A-11D0-8D11-00A0C91BC942}") = "HW5_Color Image Processing", "HW5_Color Image Processing\HW5_Color Image Processing.vcxproj", "{222F1F28-F5E4-4056-991C-075EA46B5263}"
EndProject
Global
	GlobalSection(SolutionConfigurationPlatforms) = preSolution
		Debug|Win32 = Debug|Win32
		Release|Win32 = Release|Win32
	EndGlobalSection
	GlobalSection(ProjectConfigurationPlatforms) = postSolution
		{222F1F28-F5E4-4056-991C-075EA46B5263}.Debug|Win32.ActiveCfg = Debug|Win32
		{222F1F28-F5E4-4056-991C-075EA46B5263}.Debug|Win32.Build.0 = Debug|Win32
		{222F1F28-F5E4-4056-991C-075EA46B5263}.Release|Win32.ActiveCfg = Release|Win32
		{222F1F28-F5E4-4056-991C-075EA46B5263}.Release|Win32.Build.0 = Release|Win32
	EndGlobalSection
	GlobalSection(SolutionProperties) = preSolution
		HideSolutionNode = FALSE
	EndGlobalSection
EndGlobal
